
Microsoft Visual Studio Solution File, Format Version 12.00
# Visual Studio Version 17
VisualStudioVersion = 17.7.34024.191
MinimumVisualStudioVersion = 10.0.40219.1
Project("{FAE04EC0-301F-11D3-BF4B-00C04F79EFBC}") = "Brail-Converter", "Brail-Converter\Brail-Converter.csproj", "{D859836D-F7B3-48BB-85F9-22C599A9427D}"
EndProject
Global
	GlobalSection(SolutionConfigurationPlatforms) = preSolution
		Debug|Any CPU = Debug|Any CPU
		Release|Any CPU = Release|Any CPU
	EndGlobalSection
	GlobalSection(ProjectConfigurationPlatforms) = postSolution
		{D859836D-F7B3-48BB-85F9-22C599A9427D}.Debug|Any CPU.ActiveCfg = Debug|Any CPU
		{D859836D-F7B3-48BB-85F9-22C599A9427D}.Debug|Any CPU.Build.0 = Debug|Any CPU
		{D859836D-F7B3-48BB-85F9-22C599A9427D}.Release|Any CPU.ActiveCfg = Release|Any CPU
		{D859836D-F7B3-48BB-85F9-22C599A9427D}.Release|Any CPU.Build.0 = Release|Any CPU
	EndGlobalSection
	GlobalSection(SolutionProperties) = preSolution
		HideSolutionNode = FALSE
	EndGlobalSection
	GlobalSection(ExtensibilityGlobals) = postSolution
		SolutionGuid = {5FE2853B-0899-4026-9CEB-6D64BB917C9A}
	EndGlobalSection
EndGlobal
